<Solution>
  <Project Path="cinescout.web/cinescout.web.csproj" />
  <Project Path="cinescout.web.Client/cinescout.web.Client.csproj" />
  <Project Path="cinescout.core/cinescout.core.csproj" />
  <Project Path="cinescout.model/cinescout.model.csproj" />
  <Project Path="cinescout.persistence/cinescout.persistence.csproj" />
  <Project Path="cinescout.persistence.Tests/cinescout.persistence.Tests.csproj" />
  <Project Path="cinescout.web.Tests/cinescout.web.Tests.csproj" />
</Solution>
